// !$*UTF8*$!
{
	archiveVersion = 1;
	classes = {
	};
	objectVersion = 56;
	objects = {

/* Begin PBXBuildFile section */
		27052156286B43FB0050E88B /* CalculatorApp.swift in Sources */ = {isa = PBXBuildFile; fileRef = 27052155286B43FB0050E88B /* CalculatorApp.swift */; };
		27052158286B43FB0050E88B /* ContentView.swift in Sources */ = {isa = PBXBuildFile; fileRef = 27052157286B43FB0050E88B /* ContentView.swift */; };
		2705215A286B43FB0050E88B /* Assets.xcassets in Resources */ = {isa = PBXBuildFile; fileRef = 27052159286B43FB0050E88B /* Assets.xcassets */; };
		2705215E286B43FC0050E88B /* Preview Assets.xcassets in Resources */ = {isa = PBXBuildFile; fileRef = 2705215D286B43FC0050E88B /* Preview Assets.xcassets */; };
		27052168286B45860050E88B /* KeypadView.swift in Sources */ = {isa = PBXBuildFile; fileRef = 27052167286B45860050E88B /* KeypadView.swift */; };
		2705216C286B46030050E88B /* CalculatorState.swift in Sources */ = {isa = PBXBuildFile; fileRef = 2705216B286B46030050E88B /* CalculatorState.swift */; };
		2705216F286B4A900050E88B /* OperatorKeypad.swift in Sources */ = {isa = PBXBuildFile; fileRef = 2705216E286B4A900050E88B /* OperatorKeypad.swift */; };
		27052171286B4AAD0050E88B /* Keypad.swift in Sources */ = {isa = PBXBuildFile; fileRef = 27052170286B4AAD0050E88B /* Keypad.swift */; };
		27052173286B4CEB0050E88B /* InputKeypad.swift in Sources */ = {isa = PBXBuildFile; fileRef = 27052172286B4CEB0050E88B /* InputKeypad.swift */; };
		27052177286B4E070050E88B /* UnaryOperatorKeypad.swift in Sources */ = {isa = PBXBuildFile; fileRef = 27052176286B4E070050E88B /* UnaryOperatorKeypad.swift */; };
		27052179286B4E180050E88B /* BinaryOperatorKeypad.swift in Sources */ = {isa = PBXBuildFile; fileRef = 27052178286B4E180050E88B /* BinaryOperatorKeypad.swift */; };
		2705217B286B4E330050E88B /* DotInputKeypad.swift in Sources */ = {isa = PBXBuildFile; fileRef = 2705217A286B4E330050E88B /* DotInputKeypad.swift */; };
		2705217D286B4E490050E88B /* NumberInputKeypad.swift in Sources */ = {isa = PBXBuildFile; fileRef = 2705217C286B4E480050E88B /* NumberInputKeypad.swift */; };
		27052185286C4F7F0050E88B /* SpecialOperatorKeypad.swift in Sources */ = {isa = PBXBuildFile; fileRef = 27052184286C4F7F0050E88B /* SpecialOperatorKeypad.swift */; };
		2711772D286CA2CE003E6FBE /* KeypadButtonStyle.swift in Sources */ = {isa = PBXBuildFile; fileRef = 2711772C286CA2CE003E6FBE /* KeypadButtonStyle.swift */; };
		272EAB38286D7E5F004C9738 /* KeypadSizeCategory.swift in Sources */ = {isa = PBXBuildFile; fileRef = 272EAB37286D7E5F004C9738 /* KeypadSizeCategory.swift */; };
/* End PBXBuildFile section */

/* Begin PBXFileReference section */
		27052152286B43FB0050E88B /* Calculator.app */ = {isa = PBXFileReference; explicitFileType = wrapper.application; includeInIndex = 0; path = Calculator.app; sourceTree = BUILT_PRODUCTS_DIR; };
		27052155286B43FB0050E88B /* CalculatorApp.swift */ = {isa = PBXFileReference; lastKnownFileType = sourcecode.swift; path = CalculatorApp.swift; sourceTree = "<group>"; };
		27052157286B43FB0050E88B /* ContentView.swift */ = {isa = PBXFileReference; lastKnownFileType = sourcecode.swift; path = ContentView.swift; sourceTree = "<group>"; };
		27052159286B43FB0050E88B /* Assets.xcassets */ = {isa = PBXFileReference; lastKnownFileType = folder.assetcatalog; path = Assets.xcassets; sourceTree = "<group>"; };
		2705215B286B43FC0050E88B /* Calculator.entitlements */ = {isa = PBXFileReference; lastKnownFileType = text.plist.entitlements; path = Calculator.entitlements; sourceTree = "<group>"; };
		2705215D286B43FC0050E88B /* Preview Assets.xcassets */ = {isa = PBXFileReference; lastKnownFileType = folder.assetcatalog; path = "Preview Assets.xcassets"; sourceTree = "<group>"; };
		27052167286B45860050E88B /* KeypadView.swift */ = {isa = PBXFileReference; lastKnownFileType = sourcecode.swift; path = KeypadView.swift; sourceTree = "<group>"; };
		2705216B286B46030050E88B /* CalculatorState.swift */ = {isa = PBXFileReference; lastKnownFileType = sourcecode.swift; path = CalculatorState.swift; sourceTree = "<group>"; };
		2705216E286B4A900050E88B /* OperatorKeypad.swift */ = {isa = PBXFileReference; lastKnownFileType = sourcecode.swift; path = OperatorKeypad.swift; sourceTree = "<group>"; };
		27052170286B4AAD0050E88B /* Keypad.swift */ = {isa = PBXFileReference; lastKnownFileType = sourcecode.swift; path = Keypad.swift; sourceTree = "<group>"; };
		27052172286B4CEB0050E88B /* InputKeypad.swift */ = {isa = PBXFileReference; lastKnownFileType = sourcecode.swift; path = InputKeypad.swift; sourceTree = "<group>"; };
		27052176286B4E070050E88B /* UnaryOperatorKeypad.swift */ = {isa = PBXFileReference; lastKnownFileType = sourcecode.swift; path = UnaryOperatorKeypad.swift; sourceTree = "<group>"; };
		27052178286B4E180050E88B /* BinaryOperatorKeypad.swift */ = {isa = PBXFileReference; lastKnownFileType = sourcecode.swift; path = BinaryOperatorKeypad.swift; sourceTree = "<group>"; };
		2705217A286B4E330050E88B /* DotInputKeypad.swift */ = {isa = PBXFileReference; lastKnownFileType = sourcecode.swift; path = DotInputKeypad.swift; sourceTree = "<group>"; };
		2705217C286B4E480050E88B /* NumberInputKeypad.swift */ = {isa = PBXFileReference; lastKnownFileType = sourcecode.swift; path = NumberInputKeypad.swift; sourceTree = "<group>"; };
		27052184286C4F7F0050E88B /* SpecialOperatorKeypad.swift */ = {isa = PBXFileReference; lastKnownFileType = sourcecode.swift; path = SpecialOperatorKeypad.swift; sourceTree = "<group>"; };
		2711772C286CA2CE003E6FBE /* KeypadButtonStyle.swift */ = {isa = PBXFileReference; lastKnownFileType = sourcecode.swift; path = KeypadButtonStyle.swift; sourceTree = "<group>"; };
		271BD5A8286C65550013B3CB /* Info.plist */ = {isa = PBXFileReference; lastKnownFileType = text.plist; path = Info.plist; sourceTree = "<group>"; };
		272EAB37286D7E5F004C9738 /* KeypadSizeCategory.swift */ = {isa = PBXFileReference; lastKnownFileType = sourcecode.swift; path = KeypadSizeCategory.swift; sourceTree = "<group>"; };
/* End PBXFileReference section */

/* Begin PBXFrameworksBuildPhase section */
		2705214F286B43FB0050E88B /* Frameworks */ = {
			isa = PBXFrameworksBuildPhase;
			buildActionMask = 2147483647;
			files = (
			);
			runOnlyForDeploymentPostprocessing = 0;
		};
/* End PBXFrameworksBuildPhase section */

/* Begin PBXGroup section */
		27052149286B43FB0050E88B = {
			isa = PBXGroup;
			children = (
				27052154286B43FB0050E88B /* Calculator */,
				27052153286B43FB0050E88B /* Products */,
			);
			sourceTree = "<group>";
		};
		27052153286B43FB0050E88B /* Products */ = {
			isa = PBXGroup;
			children = (
				27052152286B43FB0050E88B /* Calculator.app */,
			);
			name = Products;
			sourceTree = "<group>";
		};
		27052154286B43FB0050E88B /* Calculator */ = {
			isa = PBXGroup;
			children = (
				271BD5A8286C65550013B3CB /* Info.plist */,
				27052155286B43FB0050E88B /* CalculatorApp.swift */,
				27052157286B43FB0050E88B /* ContentView.swift */,
				2705216B286B46030050E88B /* CalculatorState.swift */,
				27052166286B456F0050E88B /* Keypad */,
				27052159286B43FB0050E88B /* Assets.xcassets */,
				2705215B286B43FC0050E88B /* Calculator.entitlements */,
				2705215C286B43FC0050E88B /* Preview Content */,
			);
			path = Calculator;
			sourceTree = "<group>";
		};
		2705215C286B43FC0050E88B /* Preview Content */ = {
			isa = PBXGroup;
			children = (
				2705215D286B43FC0050E88B /* Preview Assets.xcassets */,
			);
			path = "Preview Content";
			sourceTree = "<group>";
		};
		27052166286B456F0050E88B /* Keypad */ = {
			isa = PBXGroup;
			children = (
				27052170286B4AAD0050E88B /* Keypad.swift */,
				27052175286B4DF70050E88B /* Operator */,
				27052174286B4DEB0050E88B /* Input */,
				27052167286B45860050E88B /* KeypadView.swift */,
				2711772C286CA2CE003E6FBE /* KeypadButtonStyle.swift */,
				272EAB37286D7E5F004C9738 /* KeypadSizeCategory.swift */,
			);
			path = Keypad;
			sourceTree = "<group>";
		};
		27052174286B4DEB0050E88B /* Input */ = {
			isa = PBXGroup;
			children = (
				27052172286B4CEB0050E88B /* InputKeypad.swift */,
				2705217A286B4E330050E88B /* DotInputKeypad.swift */,
				2705217C286B4E480050E88B /* NumberInputKeypad.swift */,
			);
			path = Input;
			sourceTree = "<group>";
		};
		27052175286B4DF70050E88B /* Operator */ = {
			isa = PBXGroup;
			children = (
				2705216E286B4A900050E88B /* OperatorKeypad.swift */,
				27052176286B4E070050E88B /* UnaryOperatorKeypad.swift */,
				27052178286B4E180050E88B /* BinaryOperatorKeypad.swift */,
				27052184286C4F7F0050E88B /* SpecialOperatorKeypad.swift */,
			);
			path = Operator;
			sourceTree = "<group>";
		};
/* End PBXGroup section */

/* Begin PBXNativeTarget section */
		27052151286B43FB0050E88B /* Calculator */ = {
			isa = PBXNativeTarget;
			buildConfigurationList = 27052161286B43FC0050E88B /* Build configuration list for PBXNativeTarget "Calculator" */;
			buildPhases = (
				2705214E286B43FB0050E88B /* Sources */,
				2705214F286B43FB0050E88B /* Frameworks */,
				27052150286B43FB0050E88B /* Resources */,
			);
			buildRules = (
			);
			dependencies = (
			);
			name = Calculator;
			productName = Calculator;
			productReference = 27052152286B43FB0050E88B /* Calculator.app */;
			productType = "com.apple.product-type.application";
		};
/* End PBXNativeTarget section */

/* Begin PBXProject section */
		2705214A286B43FB0050E88B /* Project object */ = {
			isa = PBXProject;
			attributes = {
				BuildIndependentTargetsInParallel = 1;
				LastSwiftUpdateCheck = 1400;
				LastUpgradeCheck = 1400;
				TargetAttributes = {
					27052151286B43FB0050E88B = {
						CreatedOnToolsVersion = 14.0;
					};
				};
			};
			buildConfigurationList = 2705214D286B43FB0050E88B /* Build configuration list for PBXProject "Calculator" */;
			compatibilityVersion = "Xcode 14.0";
			developmentRegion = en;
			hasScannedForEncodings = 0;
			knownRegions = (
				en,
				Base,
			);
			mainGroup = 27052149286B43FB0050E88B;
			productRefGroup = 27052153286B43FB0050E88B /* Products */;
			projectDirPath = "";
			projectRoot = "";
			targets = (
				27052151286B43FB0050E88B /* Calculator */,
			);
		};
/* End PBXProject section */

/* Begin PBXResourcesBuildPhase section */
		27052150286B43FB0050E88B /* Resources */ = {
			isa = PBXResourcesBuildPhase;
			buildActionMask = 2147483647;
			files = (
				2705215E286B43FC0050E88B /* Preview Assets.xcassets in Resources */,
				2705215A286B43FB0050E88B /* Assets.xcassets in Resources */,
			);
			runOnlyForDeploymentPostprocessing = 0;
		};
/* End PBXResourcesBuildPhase section */

/* Begin PBXSourcesBuildPhase section */
		2705214E286B43FB0050E88B /* Sources */ = {
			isa = PBXSourcesBuildPhase;
			buildActionMask = 2147483647;
			files = (
				27052168286B45860050E88B /* KeypadView.swift in Sources */,
				2705216F286B4A900050E88B /* OperatorKeypad.swift in Sources */,
				272EAB38286D7E5F004C9738 /* KeypadSizeCategory.swift in Sources */,
				27052173286B4CEB0050E88B /* InputKeypad.swift in Sources */,
				27052158286B43FB0050E88B /* ContentView.swift in Sources */,
				27052185286C4F7F0050E88B /* SpecialOperatorKeypad.swift in Sources */,
				27052179286B4E180050E88B /* BinaryOperatorKeypad.swift in Sources */,
				27052171286B4AAD0050E88B /* Keypad.swift in Sources */,
				2705217B286B4E330050E88B /* DotInputKeypad.swift in Sources */,
				2711772D286CA2CE003E6FBE /* KeypadButtonStyle.swift in Sources */,
				27052177286B4E070050E88B /* UnaryOperatorKeypad.swift in Sources */,
				2705217D286B4E490050E88B /* NumberInputKeypad.swift in Sources */,
				27052156286B43FB0050E88B /* CalculatorApp.swift in Sources */,
				2705216C286B46030050E88B /* CalculatorState.swift in Sources */,
			);
			runOnlyForDeploymentPostprocessing = 0;
		};
/* End PBXSourcesBuildPhase section */

/* Begin XCBuildConfiguration section */
		2705215F286B43FC0050E88B /* Debug */ = {
			isa = XCBuildConfiguration;
			buildSettings = {
				ALWAYS_SEARCH_USER_PATHS = NO;
				CLANG_ANALYZER_NONNULL = YES;
				CLANG_ANALYZER_NUMBER_OBJECT_CONVERSION = YES_AGGRESSIVE;
				CLANG_CXX_LANGUAGE_STANDARD = "gnu++17";
				CLANG_ENABLE_MODULES = YES;
				CLANG_ENABLE_OBJC_ARC = YES;
				CLANG_ENABLE_OBJC_WEAK = YES;
				CLANG_WARN_BLOCK_CAPTURE_AUTORELEASING = YES;
				CLANG_WARN_BOOL_CONVERSION = YES;
				CLANG_WARN_COMMA = YES;
				CLANG_WARN_CONSTANT_CONVERSION = YES;
				CLANG_WARN_DEPRECATED_OBJC_IMPLEMENTATIONS = YES;
				CLANG_WARN_DIRECT_OBJC_ISA_USAGE = YES_ERROR;
				CLANG_WARN_DOCUMENTATION_COMMENTS = YES;
				CLANG_WARN_EMPTY_BODY = YES;
				CLANG_WARN_ENUM_CONVERSION = YES;
				CLANG_WARN_INFINITE_RECURSION = YES;
				CLANG_WARN_INT_CONVERSION = YES;
				CLANG_WARN_NON_LITERAL_NULL_CONVERSION = YES;
				CLANG_WARN_OBJC_IMPLICIT_RETAIN_SELF = YES;
				CLANG_WARN_OBJC_LITERAL_CONVERSION = YES;
				CLANG_WARN_OBJC_ROOT_CLASS = YES_ERROR;
				CLANG_WARN_QUOTED_INCLUDE_IN_FRAMEWORK_HEADER = YES;
				CLANG_WARN_RANGE_LOOP_ANALYSIS = YES;
				CLANG_WARN_STRICT_PROTOTYPES = YES;
				CLANG_WARN_SUSPICIOUS_MOVE = YES;
				CLANG_WARN_UNGUARDED_AVAILABILITY = YES_AGGRESSIVE;
				CLANG_WARN_UNREACHABLE_CODE = YES;
				CLANG_WARN__DUPLICATE_METHOD_MATCH = YES;
				COPY_PHASE_STRIP = NO;
				DEBUG_INFORMATION_FORMAT = dwarf;
				ENABLE_STRICT_OBJC_MSGSEND = YES;
				ENABLE_TESTABILITY = YES;
				GCC_C_LANGUAGE_STANDARD = gnu11;
				GCC_DYNAMIC_NO_PIC = NO;
				GCC_NO_COMMON_BLOCKS = YES;
				GCC_OPTIMIZATION_LEVEL = 0;
				GCC_PREPROCESSOR_DEFINITIONS = (
					"DEBUG=1",
					"$(inherited)",
				);
				GCC_WARN_64_TO_32_BIT_CONVERSION = YES;
				GCC_WARN_ABOUT_RETURN_TYPE = YES_ERROR;
				GCC_WARN_UNDECLARED_SELECTOR = YES;
				GCC_WARN_UNINITIALIZED_AUTOS = YES_AGGRESSIVE;
				GCC_WARN_UNUSED_FUNCTION = YES;
				GCC_WARN_UNUSED_VARIABLE = YES;
				MTL_ENABLE_DEBUG_INFO = INCLUDE_SOURCE;
				MTL_FAST_MATH = YES;
				ONLY_ACTIVE_ARCH = YES;
				SWIFT_ACTIVE_COMPILATION_CONDITIONS = DEBUG;
				SWIFT_OPTIMIZATION_LEVEL = "-Onone";
			};
			name = Debug;
		};
		27052160286B43FC0050E88B /* Release */ = {
			isa = XCBuildConfiguration;
			buildSettings = {
				ALWAYS_SEARCH_USER_PATHS = NO;
				CLANG_ANALYZER_NONNULL = YES;
				CLANG_ANALYZER_NUMBER_OBJECT_CONVERSION = YES_AGGRESSIVE;
				CLANG_CXX_LANGUAGE_STANDARD = "gnu++17";
				CLANG_ENABLE_MODULES = YES;
				CLANG_ENABLE_OBJC_ARC = YES;
				CLANG_ENABLE_OBJC_WEAK = YES;
				CLANG_WARN_BLOCK_CAPTURE_AUTORELEASING = YES;
				CLANG_WARN_BOOL_CONVERSION = YES;
				CLANG_WARN_COMMA = YES;
				CLANG_WARN_CONSTANT_CONVERSION = YES;
				CLANG_WARN_DEPRECATED_OBJC_IMPLEMENTATIONS = YES;
				CLANG_WARN_DIRECT_OBJC_ISA_USAGE = YES_ERROR;
				CLANG_WARN_DOCUMENTATION_COMMENTS = YES;
				CLANG_WARN_EMPTY_BODY = YES;
				CLANG_WARN_ENUM_CONVERSION = YES;
				CLANG_WARN_INFINITE_RECURSION = YES;
				CLANG_WARN_INT_CONVERSION = YES;
				CLANG_WARN_NON_LITERAL_NULL_CONVERSION = YES;
				CLANG_WARN_OBJC_IMPLICIT_RETAIN_SELF = YES;
				CLANG_WARN_OBJC_LITERAL_CONVERSION = YES;
				CLANG_WARN_OBJC_ROOT_CLASS = YES_ERROR;
				CLANG_WARN_QUOTED_INCLUDE_IN_FRAMEWORK_HEADER = YES;
				CLANG_WARN_RANGE_LOOP_ANALYSIS = YES;
				CLANG_WARN_STRICT_PROTOTYPES = YES;
				CLANG_WARN_SUSPICIOUS_MOVE = YES;
				CLANG_WARN_UNGUARDED_AVAILABILITY = YES_AGGRESSIVE;
				CLANG_WARN_UNREACHABLE_CODE = YES;
				CLANG_WARN__DUPLICATE_METHOD_MATCH = YES;
				COPY_PHASE_STRIP = NO;
				DEBUG_INFORMATION_FORMAT = "dwarf-with-dsym";
				ENABLE_NS_ASSERTIONS = NO;
				ENABLE_STRICT_OBJC_MSGSEND = YES;
				GCC_C_LANGUAGE_STANDARD = gnu11;
				GCC_NO_COMMON_BLOCKS = YES;
				GCC_WARN_64_TO_32_BIT_CONVERSION = YES;
				GCC_WARN_ABOUT_RETURN_TYPE = YES_ERROR;
				GCC_WARN_UNDECLARED_SELECTOR = YES;
				GCC_WARN_UNINITIALIZED_AUTOS = YES_AGGRESSIVE;
				GCC_WARN_UNUSED_FUNCTION = YES;
				GCC_WARN_UNUSED_VARIABLE = YES;
				MTL_ENABLE_DEBUG_INFO = NO;
				MTL_FAST_MATH = YES;
				SWIFT_COMPILATION_MODE = wholemodule;
				SWIFT_OPTIMIZATION_LEVEL = "-O";
			};
			name = Release;
		};
		27052162286B43FC0050E88B /* Debug */ = {
			isa = XCBuildConfiguration;
			buildSettings = {
				ASSETCATALOG_COMPILER_APPICON_NAME = AppIcon;
				ASSETCATALOG_COMPILER_GLOBAL_ACCENT_COLOR_NAME = AccentColor;
				CODE_SIGN_ENTITLEMENTS = Calculator/Calculator.entitlements;
				CODE_SIGN_STYLE = Automatic;
				CURRENT_PROJECT_VERSION = 1;
				DEVELOPMENT_ASSET_PATHS = "\"Calculator/Preview Content\"";
				DEVELOPMENT_TEAM = VB7MJ8R223;
				ENABLE_HARDENED_RUNTIME = YES;
				ENABLE_PREVIEWS = YES;
				GENERATE_INFOPLIST_FILE = YES;
				INFOPLIST_FILE = Calculator/Info.plist;
				INFOPLIST_KEY_UIApplicationSceneManifest_Generation = YES;
				"INFOPLIST_KEY_UILaunchScreen_Generation[sdk=iphoneos*]" = YES;
				"INFOPLIST_KEY_UILaunchScreen_Generation[sdk=iphonesimulator*]" = YES;
				INFOPLIST_KEY_UISupportedInterfaceOrientations_iPad = "UIInterfaceOrientationPortrait UIInterfaceOrientationPortraitUpsideDown UIInterfaceOrientationLandscapeLeft UIInterfaceOrientationLandscapeRight";
				INFOPLIST_KEY_UISupportedInterfaceOrientations_iPhone = "UIInterfaceOrientationPortrait UIInterfaceOrientationLandscapeLeft UIInterfaceOrientationLandscapeRight";
				IPHONEOS_DEPLOYMENT_TARGET = 16.0;
				LD_RUNPATH_SEARCH_PATHS = "@executable_path/Frameworks";
				"LD_RUNPATH_SEARCH_PATHS[sdk=macosx*]" = "@executable_path/../Frameworks";
				MACOSX_DEPLOYMENT_TARGET = 13.0;
				MARKETING_VERSION = 1.0;
				PRODUCT_BUNDLE_IDENTIFIER = top.kyleye.Calculator;
				PRODUCT_NAME = "$(TARGET_NAME)";
				SDKROOT = auto;
				SUPPORTED_PLATFORMS = "iphoneos iphonesimulator macosx";
				SUPPORTS_MACCATALYST = YES;
				SUPPORTS_MAC_DESIGNED_FOR_IPHONE_IPAD = NO;
				SWIFT_EMIT_LOC_STRINGS = YES;
				SWIFT_VERSION = 5.0;
				TARGETED_DEVICE_FAMILY = "1,2";
			};
			name = Debug;
		};
		27052163286B43FC0050E88B /* Release */ = {
			isa = XCBuildConfiguration;
			buildSettings = {
				ASSETCATALOG_COMPILER_APPICON_NAME = AppIcon;
				ASSETCATALOG_COMPILER_GLOBAL_ACCENT_COLOR_NAME = AccentColor;
				CODE_SIGN_ENTITLEMENTS = Calculator/Calculator.entitlements;
				CODE_SIGN_STYLE = Automatic;
				CURRENT_PROJECT_VERSION = 1;
				DEVELOPMENT_ASSET_PATHS = "\"Calculator/Preview Content\"";
				DEVELOPMENT_TEAM = VB7MJ8R223;
				ENABLE_HARDENED_RUNTIME = YES;
				ENABLE_PREVIEWS = YES;
				GENERATE_INFOPLIST_FILE = YES;
				INFOPLIST_FILE = Calculator/Info.plist;
				INFOPLIST_KEY_UIApplicationSceneManifest_Generation = YES;
				"INFOPLIST_KEY_UILaunchScreen_Generation[sdk=iphoneos*]" = YES;
				"INFOPLIST_KEY_UILaunchScreen_Generation[sdk=iphonesimulator*]" = YES;
				INFOPLIST_KEY_UISupportedInterfaceOrientations_iPad = "UIInterfaceOrientationPortrait UIInterfaceOrientationPortraitUpsideDown UIInterfaceOrientationLandscapeLeft UIInterfaceOrientationLandscapeRight";
				INFOPLIST_KEY_UISupportedInterfaceOrientations_iPhone = "UIInterfaceOrientationPortrait UIInterfaceOrientationLandscapeLeft UIInterfaceOrientationLandscapeRight";
				IPHONEOS_DEPLOYMENT_TARGET = 16.0;
				LD_RUNPATH_SEARCH_PATHS = "@executable_path/Frameworks";
				"LD_RUNPATH_SEARCH_PATHS[sdk=macosx*]" = "@executable_path/../Frameworks";
				MACOSX_DEPLOYMENT_TARGET = 13.0;
				MARKETING_VERSION = 1.0;
				PRODUCT_BUNDLE_IDENTIFIER = top.kyleye.Calculator;
				PRODUCT_NAME = "$(TARGET_NAME)";
				SDKROOT = auto;
				SUPPORTED_PLATFORMS = "iphoneos iphonesimulator macosx";
				SUPPORTS_MACCATALYST = YES;
				SUPPORTS_MAC_DESIGNED_FOR_IPHONE_IPAD = NO;
				SWIFT_EMIT_LOC_STRINGS = YES;
				SWIFT_VERSION = 5.0;
				TARGETED_DEVICE_FAMILY = "1,2";
			};
			name = Release;
		};
/* End XCBuildConfiguration section */

/* Begin XCConfigurationList section */
		2705214D286B43FB0050E88B /* Build configuration list for PBXProject "Calculator" */ = {
			isa = XCConfigurationList;
			buildConfigurations = (
				2705215F286B43FC0050E88B /* Debug */,
				27052160286B43FC0050E88B /* Release */,
			);
			defaultConfigurationIsVisible = 0;
			defaultConfigurationName = Release;
		};
		27052161286B43FC0050E88B /* Build configuration list for PBXNativeTarget "Calculator" */ = {
			isa = XCConfigurationList;
			buildConfigurations = (
				27052162286B43FC0050E88B /* Debug */,
				27052163286B43FC0050E88B /* Release */,
			);
			defaultConfigurationIsVisible = 0;
			defaultConfigurationName = Release;
		};
/* End XCConfigurationList section */
	};
	rootObject = 2705214A286B43FB0050E88B /* Project object */;
}
